{
  "requires": true,
  "lockfileVersion": 1,
  "dependencies": {
    "ipware": {
      "version": "2.0.0",
      "resolved": "https://registry.npmjs.org/ipware/-/ipware-2.0.0.tgz",
      "integrity": "sha512-xOqLoYyWIBcO6ANVZK7GgnuH9V7wbqDf6/MrRi4I+Ae1A11m6jcaNRtMSezypkupRUjiSSLq3F/DTvAM1cZfQw=="
    }
  }
}
